// !$*UTF8*$!
{
	archiveVersion = 1;
	classes = {
	};
	objectVersion = 56;
	objects = {

/* Begin PBXBuildFile section */
		D41E40F32C77F3A1002852AC /* LeaderboardView.swift in Sources */ = {isa = PBXBuildFile; fileRef = D41E40F22C77F3A1002852AC /* LeaderboardView.swift */; };
		D41E40F52C77F3AD002852AC /* PlayerView.swift in Sources */ = {isa = PBXBuildFile; fileRef = D41E40F42C77F3AD002852AC /* PlayerView.swift */; };
		D41E41032C77FCA2002852AC /* HeaderView.swift in Sources */ = {isa = PBXBuildFile; fileRef = D41E41022C77FCA2002852AC /* HeaderView.swift */; };
		D41E41092C78ABA1002852AC /* PlayerConfigView.swift in Sources */ = {isa = PBXBuildFile; fileRef = D41E41082C78ABA1002852AC /* PlayerConfigView.swift */; };
		D41E41152C78DFFF002852AC /* DataModel.xcdatamodeld in Sources */ = {isa = PBXBuildFile; fileRef = D41E41132C78DFFF002852AC /* DataModel.xcdatamodeld */; };
		D41E41182C78E76F002852AC /* PersistenceController.swift in Sources */ = {isa = PBXBuildFile; fileRef = D41E41172C78E76F002852AC /* PersistenceController.swift */; };
		D41E41282C78EBD2002852AC /* CreatePlayerView.swift in Sources */ = {isa = PBXBuildFile; fileRef = D41E41272C78EBD2002852AC /* CreatePlayerView.swift */; };
		D41E413C2C79D3E4002852AC /* PlayerRowView.swift in Sources */ = {isa = PBXBuildFile; fileRef = D41E413B2C79D3E4002852AC /* PlayerRowView.swift */; };
		D41E413F2C7BA6CF002852AC /* PlayerViewModel.swift in Sources */ = {isa = PBXBuildFile; fileRef = D41E413E2C7BA6CF002852AC /* PlayerViewModel.swift */; };
		D42D6BAE2C77E39D00FD10D6 /* Bottomless_Brunch_AppApp.swift in Sources */ = {isa = PBXBuildFile; fileRef = D42D6BAD2C77E39D00FD10D6 /* Bottomless_Brunch_AppApp.swift */; };
		D42D6BB02C77E39D00FD10D6 /* MainView.swift in Sources */ = {isa = PBXBuildFile; fileRef = D42D6BAF2C77E39D00FD10D6 /* MainView.swift */; };
		D42D6BB22C77E39E00FD10D6 /* Assets.xcassets in Resources */ = {isa = PBXBuildFile; fileRef = D42D6BB12C77E39E00FD10D6 /* Assets.xcassets */; };
		D42D6BB52C77E39E00FD10D6 /* Preview Assets.xcassets in Resources */ = {isa = PBXBuildFile; fileRef = D42D6BB42C77E39E00FD10D6 /* Preview Assets.xcassets */; };
		D4D64D952C7E9B4B00BB9A6B /* TasksPenalities.swift in Sources */ = {isa = PBXBuildFile; fileRef = D4D64D942C7E9B4B00BB9A6B /* TasksPenalities.swift */; };
		D4D64DA02C7EB6BD00BB9A6B /* Player+CoreDataClass.swift in Sources */ = {isa = PBXBuildFile; fileRef = D4D64D9A2C7EB6BD00BB9A6B /* Player+CoreDataClass.swift */; };
		D4D64DA12C7EB6BD00BB9A6B /* Player+CoreDataProperties.swift in Sources */ = {isa = PBXBuildFile; fileRef = D4D64D9B2C7EB6BD00BB9A6B /* Player+CoreDataProperties.swift */; };
		D4D64DA22C7EB6BD00BB9A6B /* Tasks+CoreDataClass.swift in Sources */ = {isa = PBXBuildFile; fileRef = D4D64D9C2C7EB6BD00BB9A6B /* Tasks+CoreDataClass.swift */; };
		D4D64DA32C7EB6BD00BB9A6B /* Tasks+CoreDataProperties.swift in Sources */ = {isa = PBXBuildFile; fileRef = D4D64D9D2C7EB6BD00BB9A6B /* Tasks+CoreDataProperties.swift */; };
		D4D64DA42C7EB6BD00BB9A6B /* Penalties+CoreDataClass.swift in Sources */ = {isa = PBXBuildFile; fileRef = D4D64D9E2C7EB6BD00BB9A6B /* Penalties+CoreDataClass.swift */; };
		D4D64DA52C7EB6BD00BB9A6B /* Penalties+CoreDataProperties.swift in Sources */ = {isa = PBXBuildFile; fileRef = D4D64D9F2C7EB6BD00BB9A6B /* Penalties+CoreDataProperties.swift */; };
		D4F730102C7F7E1D00594326 /* TaskSelectorView.swift in Sources */ = {isa = PBXBuildFile; fileRef = D4F7300F2C7F7E1D00594326 /* TaskSelectorView.swift */; };
		D4F730122C7F7E4200594326 /* PenaltySelectorView.swift in Sources */ = {isa = PBXBuildFile; fileRef = D4F730112C7F7E4200594326 /* PenaltySelectorView.swift */; };
/* End PBXBuildFile section */

/* Begin PBXFileReference section */
		D41E40F22C77F3A1002852AC /* LeaderboardView.swift */ = {isa = PBXFileReference; lastKnownFileType = sourcecode.swift; path = LeaderboardView.swift; sourceTree = "<group>"; };
		D41E40F42C77F3AD002852AC /* PlayerView.swift */ = {isa = PBXFileReference; lastKnownFileType = sourcecode.swift; path = PlayerView.swift; sourceTree = "<group>"; };
		D41E41022C77FCA2002852AC /* HeaderView.swift */ = {isa = PBXFileReference; lastKnownFileType = sourcecode.swift; path = HeaderView.swift; sourceTree = "<group>"; };
		D41E41082C78ABA1002852AC /* PlayerConfigView.swift */ = {isa = PBXFileReference; lastKnownFileType = sourcecode.swift; path = PlayerConfigView.swift; sourceTree = "<group>"; };
		D41E41142C78DFFF002852AC /* DataModel.xcdatamodel */ = {isa = PBXFileReference; lastKnownFileType = wrapper.xcdatamodel; path = DataModel.xcdatamodel; sourceTree = "<group>"; };
		D41E41172C78E76F002852AC /* PersistenceController.swift */ = {isa = PBXFileReference; lastKnownFileType = sourcecode.swift; path = PersistenceController.swift; sourceTree = "<group>"; };
		D41E41272C78EBD2002852AC /* CreatePlayerView.swift */ = {isa = PBXFileReference; lastKnownFileType = sourcecode.swift; path = CreatePlayerView.swift; sourceTree = "<group>"; };
		D41E413B2C79D3E4002852AC /* PlayerRowView.swift */ = {isa = PBXFileReference; lastKnownFileType = sourcecode.swift; path = PlayerRowView.swift; sourceTree = "<group>"; };
		D41E413E2C7BA6CF002852AC /* PlayerViewModel.swift */ = {isa = PBXFileReference; lastKnownFileType = sourcecode.swift; path = PlayerViewModel.swift; sourceTree = "<group>"; };
		D42D6BAA2C77E39D00FD10D6 /* Bottomless Brunch.app */ = {isa = PBXFileReference; explicitFileType = wrapper.application; includeInIndex = 0; path = "Bottomless Brunch.app"; sourceTree = BUILT_PRODUCTS_DIR; };
		D42D6BAD2C77E39D00FD10D6 /* Bottomless_Brunch_AppApp.swift */ = {isa = PBXFileReference; lastKnownFileType = sourcecode.swift; path = Bottomless_Brunch_AppApp.swift; sourceTree = "<group>"; };
		D42D6BAF2C77E39D00FD10D6 /* MainView.swift */ = {isa = PBXFileReference; lastKnownFileType = sourcecode.swift; path = MainView.swift; sourceTree = "<group>"; };
		D42D6BB12C77E39E00FD10D6 /* Assets.xcassets */ = {isa = PBXFileReference; lastKnownFileType = folder.assetcatalog; path = Assets.xcassets; sourceTree = "<group>"; };
		D42D6BB42C77E39E00FD10D6 /* Preview Assets.xcassets */ = {isa = PBXFileReference; lastKnownFileType = folder.assetcatalog; path = "Preview Assets.xcassets"; sourceTree = "<group>"; };
		D4D64D942C7E9B4B00BB9A6B /* TasksPenalities.swift */ = {isa = PBXFileReference; lastKnownFileType = sourcecode.swift; path = TasksPenalities.swift; sourceTree = "<group>"; };
		D4D64D9A2C7EB6BD00BB9A6B /* Player+CoreDataClass.swift */ = {isa = PBXFileReference; lastKnownFileType = sourcecode.swift; path = "Player+CoreDataClass.swift"; sourceTree = "<group>"; };
		D4D64D9B2C7EB6BD00BB9A6B /* Player+CoreDataProperties.swift */ = {isa = PBXFileReference; lastKnownFileType = sourcecode.swift; path = "Player+CoreDataProperties.swift"; sourceTree = "<group>"; };
		D4D64D9C2C7EB6BD00BB9A6B /* Tasks+CoreDataClass.swift */ = {isa = PBXFileReference; lastKnownFileType = sourcecode.swift; path = "Tasks+CoreDataClass.swift"; sourceTree = "<group>"; };
		D4D64D9D2C7EB6BD00BB9A6B /* Tasks+CoreDataProperties.swift */ = {isa = PBXFileReference; lastKnownFileType = sourcecode.swift; path = "Tasks+CoreDataProperties.swift"; sourceTree = "<group>"; };
		D4D64D9E2C7EB6BD00BB9A6B /* Penalties+CoreDataClass.swift */ = {isa = PBXFileReference; lastKnownFileType = sourcecode.swift; path = "Penalties+CoreDataClass.swift"; sourceTree = "<group>"; };
		D4D64D9F2C7EB6BD00BB9A6B /* Penalties+CoreDataProperties.swift */ = {isa = PBXFileReference; lastKnownFileType = sourcecode.swift; path = "Penalties+CoreDataProperties.swift"; sourceTree = "<group>"; };
		D4F7300F2C7F7E1D00594326 /* TaskSelectorView.swift */ = {isa = PBXFileReference; lastKnownFileType = sourcecode.swift; path = TaskSelectorView.swift; sourceTree = "<group>"; };
		D4F730112C7F7E4200594326 /* PenaltySelectorView.swift */ = {isa = PBXFileReference; lastKnownFileType = sourcecode.swift; path = PenaltySelectorView.swift; sourceTree = "<group>"; };
/* End PBXFileReference section */

/* Begin PBXFrameworksBuildPhase section */
		D42D6BA72C77E39D00FD10D6 /* Frameworks */ = {
			isa = PBXFrameworksBuildPhase;
			buildActionMask = 2147483647;
			files = (
			);
			runOnlyForDeploymentPostprocessing = 0;
		};
/* End PBXFrameworksBuildPhase section */

/* Begin PBXGroup section */
		D41E40ED2C77EC87002852AC /* Views */ = {
			isa = PBXGroup;
			children = (
				D41E41012C77FC98002852AC /* Utils */,
				D42D6BAF2C77E39D00FD10D6 /* MainView.swift */,
				D41E40F22C77F3A1002852AC /* LeaderboardView.swift */,
				D41E40F42C77F3AD002852AC /* PlayerView.swift */,
				D41E41082C78ABA1002852AC /* PlayerConfigView.swift */,
				D41E41272C78EBD2002852AC /* CreatePlayerView.swift */,
				D41E413B2C79D3E4002852AC /* PlayerRowView.swift */,
			);
			path = Views;
			sourceTree = "<group>";
		};
		D41E40F82C77F530002852AC /* Models */ = {
			isa = PBXGroup;
			children = (
				D4D64D9A2C7EB6BD00BB9A6B /* Player+CoreDataClass.swift */,
				D4D64D9B2C7EB6BD00BB9A6B /* Player+CoreDataProperties.swift */,
				D4D64D9C2C7EB6BD00BB9A6B /* Tasks+CoreDataClass.swift */,
				D4D64D9D2C7EB6BD00BB9A6B /* Tasks+CoreDataProperties.swift */,
				D4D64D9E2C7EB6BD00BB9A6B /* Penalties+CoreDataClass.swift */,
				D4D64D9F2C7EB6BD00BB9A6B /* Penalties+CoreDataProperties.swift */,
			);
			path = Models;
			sourceTree = "<group>";
		};
		D41E41012C77FC98002852AC /* Utils */ = {
			isa = PBXGroup;
			children = (
				D41E41022C77FCA2002852AC /* HeaderView.swift */,
				D4D64D942C7E9B4B00BB9A6B /* TasksPenalities.swift */,
				D4F7300F2C7F7E1D00594326 /* TaskSelectorView.swift */,
				D4F730112C7F7E4200594326 /* PenaltySelectorView.swift */,
			);
			path = Utils;
			sourceTree = "<group>";
		};
		D41E41162C78E70F002852AC /* CoreData */ = {
			isa = PBXGroup;
			children = (
				D41E41172C78E76F002852AC /* PersistenceController.swift */,
			);
			path = CoreData;
			sourceTree = "<group>";
		};
		D42D6BA12C77E39D00FD10D6 = {
			isa = PBXGroup;
			children = (
				D42D6BAC2C77E39D00FD10D6 /* Bottomless Brunch App */,
				D42D6BAB2C77E39D00FD10D6 /* Products */,
			);
			sourceTree = "<group>";
		};
		D42D6BAB2C77E39D00FD10D6 /* Products */ = {
			isa = PBXGroup;
			children = (
				D42D6BAA2C77E39D00FD10D6 /* Bottomless Brunch.app */,
			);
			name = Products;
			sourceTree = "<group>";
		};
		D42D6BAC2C77E39D00FD10D6 /* Bottomless Brunch App */ = {
			isa = PBXGroup;
			children = (
				D41E41162C78E70F002852AC /* CoreData */,
				D41E40F82C77F530002852AC /* Models */,
				D41E40ED2C77EC87002852AC /* Views */,
				D42D6BAD2C77E39D00FD10D6 /* Bottomless_Brunch_AppApp.swift */,
				D42D6BB12C77E39E00FD10D6 /* Assets.xcassets */,
				D42D6BB32C77E39E00FD10D6 /* Preview Content */,
				D41E41132C78DFFF002852AC /* DataModel.xcdatamodeld */,
				D41E413E2C7BA6CF002852AC /* PlayerViewModel.swift */,
			);
			path = "Bottomless Brunch App";
			sourceTree = "<group>";
		};
		D42D6BB32C77E39E00FD10D6 /* Preview Content */ = {
			isa = PBXGroup;
			children = (
				D42D6BB42C77E39E00FD10D6 /* Preview Assets.xcassets */,
			);
			path = "Preview Content";
			sourceTree = "<group>";
		};
/* End PBXGroup section */

/* Begin PBXNativeTarget section */
		D42D6BA92C77E39D00FD10D6 /* Bottomless Brunch */ = {
			isa = PBXNativeTarget;
			buildConfigurationList = D42D6BB82C77E39E00FD10D6 /* Build configuration list for PBXNativeTarget "Bottomless Brunch" */;
			buildPhases = (
				D42D6BA62C77E39D00FD10D6 /* Sources */,
				D42D6BA72C77E39D00FD10D6 /* Frameworks */,
				D42D6BA82C77E39D00FD10D6 /* Resources */,
			);
			buildRules = (
			);
			dependencies = (
			);
			name = "Bottomless Brunch";
			productName = "Bottomless Brunch App";
			productReference = D42D6BAA2C77E39D00FD10D6 /* Bottomless Brunch.app */;
			productType = "com.apple.product-type.application";
		};
/* End PBXNativeTarget section */

/* Begin PBXProject section */
		D42D6BA22C77E39D00FD10D6 /* Project object */ = {
			isa = PBXProject;
			attributes = {
				BuildIndependentTargetsInParallel = 1;
				LastSwiftUpdateCheck = 1540;
				LastUpgradeCheck = 1540;
				TargetAttributes = {
					D42D6BA92C77E39D00FD10D6 = {
						CreatedOnToolsVersion = 15.4;
					};
				};
			};
			buildConfigurationList = D42D6BA52C77E39D00FD10D6 /* Build configuration list for PBXProject "Brunch" */;
			compatibilityVersion = "Xcode 14.0";
			developmentRegion = en;
			hasScannedForEncodings = 0;
			knownRegions = (
				en,
				Base,
			);
			mainGroup = D42D6BA12C77E39D00FD10D6;
			productRefGroup = D42D6BAB2C77E39D00FD10D6 /* Products */;
			projectDirPath = "";
			projectRoot = "";
			targets = (
				D42D6BA92C77E39D00FD10D6 /* Bottomless Brunch */,
			);
		};
/* End PBXProject section */

/* Begin PBXResourcesBuildPhase section */
		D42D6BA82C77E39D00FD10D6 /* Resources */ = {
			isa = PBXResourcesBuildPhase;
			buildActionMask = 2147483647;
			files = (
				D42D6BB52C77E39E00FD10D6 /* Preview Assets.xcassets in Resources */,
				D42D6BB22C77E39E00FD10D6 /* Assets.xcassets in Resources */,
			);
			runOnlyForDeploymentPostprocessing = 0;
		};
/* End PBXResourcesBuildPhase section */

/* Begin PBXSourcesBuildPhase section */
		D42D6BA62C77E39D00FD10D6 /* Sources */ = {
			isa = PBXSourcesBuildPhase;
			buildActionMask = 2147483647;
			files = (
				D4D64D952C7E9B4B00BB9A6B /* TasksPenalities.swift in Sources */,
				D41E413C2C79D3E4002852AC /* PlayerRowView.swift in Sources */,
				D41E40F32C77F3A1002852AC /* LeaderboardView.swift in Sources */,
				D41E413F2C7BA6CF002852AC /* PlayerViewModel.swift in Sources */,
				D41E41092C78ABA1002852AC /* PlayerConfigView.swift in Sources */,
				D42D6BB02C77E39D00FD10D6 /* MainView.swift in Sources */,
				D4F730102C7F7E1D00594326 /* TaskSelectorView.swift in Sources */,
				D41E41152C78DFFF002852AC /* DataModel.xcdatamodeld in Sources */,
				D41E41182C78E76F002852AC /* PersistenceController.swift in Sources */,
				D4F730122C7F7E4200594326 /* PenaltySelectorView.swift in Sources */,
				D41E40F52C77F3AD002852AC /* PlayerView.swift in Sources */,
				D42D6BAE2C77E39D00FD10D6 /* Bottomless_Brunch_AppApp.swift in Sources */,
				D41E41032C77FCA2002852AC /* HeaderView.swift in Sources */,
				D41E41282C78EBD2002852AC /* CreatePlayerView.swift in Sources */,
				D4D64DA02C7EB6BD00BB9A6B /* Player+CoreDataClass.swift in Sources */,
				D4D64DA12C7EB6BD00BB9A6B /* Player+CoreDataProperties.swift in Sources */,
				D4D64DA22C7EB6BD00BB9A6B /* Tasks+CoreDataClass.swift in Sources */,
				D4D64DA32C7EB6BD00BB9A6B /* Tasks+CoreDataProperties.swift in Sources */,
				D4D64DA42C7EB6BD00BB9A6B /* Penalties+CoreDataClass.swift in Sources */,
				D4D64DA52C7EB6BD00BB9A6B /* Penalties+CoreDataProperties.swift in Sources */,
			);
			runOnlyForDeploymentPostprocessing = 0;
		};
/* End PBXSourcesBuildPhase section */

/* Begin XCBuildConfiguration section */
		D42D6BB62C77E39E00FD10D6 /* Debug */ = {
			isa = XCBuildConfiguration;
			buildSettings = {
				ALWAYS_SEARCH_USER_PATHS = NO;
				ASSETCATALOG_COMPILER_GENERATE_SWIFT_ASSET_SYMBOL_EXTENSIONS = YES;
				CLANG_ANALYZER_NONNULL = YES;
				CLANG_ANALYZER_NUMBER_OBJECT_CONVERSION = YES_AGGRESSIVE;
				CLANG_CXX_LANGUAGE_STANDARD = "gnu++20";
				CLANG_ENABLE_MODULES = YES;
				CLANG_ENABLE_OBJC_ARC = YES;
				CLANG_ENABLE_OBJC_WEAK = YES;
				CLANG_WARN_BLOCK_CAPTURE_AUTORELEASING = YES;
				CLANG_WARN_BOOL_CONVERSION = YES;
				CLANG_WARN_COMMA = YES;
				CLANG_WARN_CONSTANT_CONVERSION = YES;
				CLANG_WARN_DEPRECATED_OBJC_IMPLEMENTATIONS = YES;
				CLANG_WARN_DIRECT_OBJC_ISA_USAGE = YES_ERROR;
				CLANG_WARN_DOCUMENTATION_COMMENTS = YES;
				CLANG_WARN_EMPTY_BODY = YES;
				CLANG_WARN_ENUM_CONVERSION = YES;
				CLANG_WARN_INFINITE_RECURSION = YES;
				CLANG_WARN_INT_CONVERSION = YES;
				CLANG_WARN_NON_LITERAL_NULL_CONVERSION = YES;
				CLANG_WARN_OBJC_IMPLICIT_RETAIN_SELF = YES;
				CLANG_WARN_OBJC_LITERAL_CONVERSION = YES;
				CLANG_WARN_OBJC_ROOT_CLASS = YES_ERROR;
				CLANG_WARN_QUOTED_INCLUDE_IN_FRAMEWORK_HEADER = YES;
				CLANG_WARN_RANGE_LOOP_ANALYSIS = YES;
				CLANG_WARN_STRICT_PROTOTYPES = YES;
				CLANG_WARN_SUSPICIOUS_MOVE = YES;
				CLANG_WARN_UNGUARDED_AVAILABILITY = YES_AGGRESSIVE;
				CLANG_WARN_UNREACHABLE_CODE = YES;
				CLANG_WARN__DUPLICATE_METHOD_MATCH = YES;
				COPY_PHASE_STRIP = NO;
				DEBUG_INFORMATION_FORMAT = dwarf;
				ENABLE_STRICT_OBJC_MSGSEND = YES;
				ENABLE_TESTABILITY = YES;
				ENABLE_USER_SCRIPT_SANDBOXING = YES;
				GCC_C_LANGUAGE_STANDARD = gnu17;
				GCC_DYNAMIC_NO_PIC = NO;
				GCC_NO_COMMON_BLOCKS = YES;
				GCC_OPTIMIZATION_LEVEL = 0;
				GCC_PREPROCESSOR_DEFINITIONS = (
					"DEBUG=1",
					"$(inherited)",
				);
				GCC_WARN_64_TO_32_BIT_CONVERSION = YES;
				GCC_WARN_ABOUT_RETURN_TYPE = YES_ERROR;
				GCC_WARN_UNDECLARED_SELECTOR = YES;
				GCC_WARN_UNINITIALIZED_AUTOS = YES_AGGRESSIVE;
				GCC_WARN_UNUSED_FUNCTION = YES;
				GCC_WARN_UNUSED_VARIABLE = YES;
				IPHONEOS_DEPLOYMENT_TARGET = 17.5;
				LOCALIZATION_PREFERS_STRING_CATALOGS = YES;
				MTL_ENABLE_DEBUG_INFO = INCLUDE_SOURCE;
				MTL_FAST_MATH = YES;
				ONLY_ACTIVE_ARCH = YES;
				SDKROOT = iphoneos;
				SWIFT_ACTIVE_COMPILATION_CONDITIONS = "DEBUG $(inherited)";
				SWIFT_OPTIMIZATION_LEVEL = "-Onone";
			};
			name = Debug;
		};
		D42D6BB72C77E39E00FD10D6 /* Release */ = {
			isa = XCBuildConfiguration;
			buildSettings = {
				ALWAYS_SEARCH_USER_PATHS = NO;
				ASSETCATALOG_COMPILER_GENERATE_SWIFT_ASSET_SYMBOL_EXTENSIONS = YES;
				CLANG_ANALYZER_NONNULL = YES;
				CLANG_ANALYZER_NUMBER_OBJECT_CONVERSION = YES_AGGRESSIVE;
				CLANG_CXX_LANGUAGE_STANDARD = "gnu++20";
				CLANG_ENABLE_MODULES = YES;
				CLANG_ENABLE_OBJC_ARC = YES;
				CLANG_ENABLE_OBJC_WEAK = YES;
				CLANG_WARN_BLOCK_CAPTURE_AUTORELEASING = YES;
				CLANG_WARN_BOOL_CONVERSION = YES;
				CLANG_WARN_COMMA = YES;
				CLANG_WARN_CONSTANT_CONVERSION = YES;
				CLANG_WARN_DEPRECATED_OBJC_IMPLEMENTATIONS = YES;
				CLANG_WARN_DIRECT_OBJC_ISA_USAGE = YES_ERROR;
				CLANG_WARN_DOCUMENTATION_COMMENTS = YES;
				CLANG_WARN_EMPTY_BODY = YES;
				CLANG_WARN_ENUM_CONVERSION = YES;
				CLANG_WARN_INFINITE_RECURSION = YES;
				CLANG_WARN_INT_CONVERSION = YES;
				CLANG_WARN_NON_LITERAL_NULL_CONVERSION = YES;
				CLANG_WARN_OBJC_IMPLICIT_RETAIN_SELF = YES;
				CLANG_WARN_OBJC_LITERAL_CONVERSION = YES;
				CLANG_WARN_OBJC_ROOT_CLASS = YES_ERROR;
				CLANG_WARN_QUOTED_INCLUDE_IN_FRAMEWORK_HEADER = YES;
				CLANG_WARN_RANGE_LOOP_ANALYSIS = YES;
				CLANG_WARN_STRICT_PROTOTYPES = YES;
				CLANG_WARN_SUSPICIOUS_MOVE = YES;
				CLANG_WARN_UNGUARDED_AVAILABILITY = YES_AGGRESSIVE;
				CLANG_WARN_UNREACHABLE_CODE = YES;
				CLANG_WARN__DUPLICATE_METHOD_MATCH = YES;
				COPY_PHASE_STRIP = NO;
				DEBUG_INFORMATION_FORMAT = "dwarf-with-dsym";
				ENABLE_NS_ASSERTIONS = NO;
				ENABLE_STRICT_OBJC_MSGSEND = YES;
				ENABLE_USER_SCRIPT_SANDBOXING = YES;
				GCC_C_LANGUAGE_STANDARD = gnu17;
				GCC_NO_COMMON_BLOCKS = YES;
				GCC_WARN_64_TO_32_BIT_CONVERSION = YES;
				GCC_WARN_ABOUT_RETURN_TYPE = YES_ERROR;
				GCC_WARN_UNDECLARED_SELECTOR = YES;
				GCC_WARN_UNINITIALIZED_AUTOS = YES_AGGRESSIVE;
				GCC_WARN_UNUSED_FUNCTION = YES;
				GCC_WARN_UNUSED_VARIABLE = YES;
				IPHONEOS_DEPLOYMENT_TARGET = 17.5;
				LOCALIZATION_PREFERS_STRING_CATALOGS = YES;
				MTL_ENABLE_DEBUG_INFO = NO;
				MTL_FAST_MATH = YES;
				SDKROOT = iphoneos;
				SWIFT_COMPILATION_MODE = wholemodule;
				VALIDATE_PRODUCT = YES;
			};
			name = Release;
		};
		D42D6BB92C77E39E00FD10D6 /* Debug */ = {
			isa = XCBuildConfiguration;
			buildSettings = {
				ASSETCATALOG_COMPILER_APPICON_NAME = AppIcon;
				ASSETCATALOG_COMPILER_GLOBAL_ACCENT_COLOR_NAME = AccentColor;
				CODE_SIGN_STYLE = Automatic;
				CURRENT_PROJECT_VERSION = 1;
				DEVELOPMENT_ASSET_PATHS = "\"Bottomless Brunch App/Preview Content\"";
				DEVELOPMENT_TEAM = 9UAZ2WNX4G;
				ENABLE_PREVIEWS = YES;
				GENERATE_INFOPLIST_FILE = YES;
				INFOPLIST_KEY_UIApplicationSceneManifest_Generation = YES;
				INFOPLIST_KEY_UIApplicationSupportsIndirectInputEvents = YES;
				INFOPLIST_KEY_UILaunchScreen_Generation = YES;
				INFOPLIST_KEY_UISupportedInterfaceOrientations_iPad = "UIInterfaceOrientationPortrait UIInterfaceOrientationPortraitUpsideDown UIInterfaceOrientationLandscapeLeft UIInterfaceOrientationLandscapeRight";
				INFOPLIST_KEY_UISupportedInterfaceOrientations_iPhone = "UIInterfaceOrientationPortrait UIInterfaceOrientationLandscapeLeft UIInterfaceOrientationLandscapeRight";
				LD_RUNPATH_SEARCH_PATHS = (
					"$(inherited)",
					"@executable_path/Frameworks",
				);
				MARKETING_VERSION = 1.0;
				PRODUCT_BUNDLE_IDENTIFIER = "dev.joeyfox.Bottomless-Brunch-App";
				PRODUCT_NAME = "$(TARGET_NAME)";
				SWIFT_EMIT_LOC_STRINGS = YES;
				SWIFT_VERSION = 5.0;
				TARGETED_DEVICE_FAMILY = "1,2";
			};
			name = Debug;
		};
		D42D6BBA2C77E39E00FD10D6 /* Release */ = {
			isa = XCBuildConfiguration;
			buildSettings = {
				ASSETCATALOG_COMPILER_APPICON_NAME = AppIcon;
				ASSETCATALOG_COMPILER_GLOBAL_ACCENT_COLOR_NAME = AccentColor;
				CODE_SIGN_STYLE = Automatic;
				CURRENT_PROJECT_VERSION = 1;
				DEVELOPMENT_ASSET_PATHS = "\"Bottomless Brunch App/Preview Content\"";
				DEVELOPMENT_TEAM = 9UAZ2WNX4G;
				ENABLE_PREVIEWS = YES;
				GENERATE_INFOPLIST_FILE = YES;
				INFOPLIST_KEY_UIApplicationSceneManifest_Generation = YES;
				INFOPLIST_KEY_UIApplicationSupportsIndirectInputEvents = YES;
				INFOPLIST_KEY_UILaunchScreen_Generation = YES;
				INFOPLIST_KEY_UISupportedInterfaceOrientations_iPad = "UIInterfaceOrientationPortrait UIInterfaceOrientationPortraitUpsideDown UIInterfaceOrientationLandscapeLeft UIInterfaceOrientationLandscapeRight";
				INFOPLIST_KEY_UISupportedInterfaceOrientations_iPhone = "UIInterfaceOrientationPortrait UIInterfaceOrientationLandscapeLeft UIInterfaceOrientationLandscapeRight";
				LD_RUNPATH_SEARCH_PATHS = (
					"$(inherited)",
					"@executable_path/Frameworks",
				);
				MARKETING_VERSION = 1.0;
				PRODUCT_BUNDLE_IDENTIFIER = "dev.joeyfox.Bottomless-Brunch-App";
				PRODUCT_NAME = "$(TARGET_NAME)";
				SWIFT_EMIT_LOC_STRINGS = YES;
				SWIFT_VERSION = 5.0;
				TARGETED_DEVICE_FAMILY = "1,2";
			};
			name = Release;
		};
/* End XCBuildConfiguration section */

/* Begin XCConfigurationList section */
		D42D6BA52C77E39D00FD10D6 /* Build configuration list for PBXProject "Brunch" */ = {
			isa = XCConfigurationList;
			buildConfigurations = (
				D42D6BB62C77E39E00FD10D6 /* Debug */,
				D42D6BB72C77E39E00FD10D6 /* Release */,
			);
			defaultConfigurationIsVisible = 0;
			defaultConfigurationName = Release;
		};
		D42D6BB82C77E39E00FD10D6 /* Build configuration list for PBXNativeTarget "Bottomless Brunch" */ = {
			isa = XCConfigurationList;
			buildConfigurations = (
				D42D6BB92C77E39E00FD10D6 /* Debug */,
				D42D6BBA2C77E39E00FD10D6 /* Release */,
			);
			defaultConfigurationIsVisible = 0;
			defaultConfigurationName = Release;
		};
/* End XCConfigurationList section */

/* Begin XCVersionGroup section */
		D41E41132C78DFFF002852AC /* DataModel.xcdatamodeld */ = {
			isa = XCVersionGroup;
			children = (
				D41E41142C78DFFF002852AC /* DataModel.xcdatamodel */,
			);
			currentVersion = D41E41142C78DFFF002852AC /* DataModel.xcdatamodel */;
			name = DataModel.xcdatamodeld;
			path = "/Users/Joey/Documents/XCode/Bottomless Brunch/Bottomless Brunch App/Bottomless Brunch App/DataModel.xcdatamodeld";
			sourceTree = "<group>";
			versionGroupType = wrapper.xcdatamodel;
		};
/* End XCVersionGroup section */
	};
	rootObject = D42D6BA22C77E39D00FD10D6 /* Project object */;
}
